<?xml version="1.0" encoding="UTF-8" standalone="yes" ?>
<CodeBlocks_project_file>
	<FileVersion major="1" minor="6" />
	<Project>
		<Option title="geodesic_raytracing" />
		<Option pch_mode="2" />
		<Option compiler="gcc-msys2-mingw64" />
		<Build>
			<Target title="Debug">
				<Option output="bin/Debug/geodesic_raytracing" prefix_auto="1" extension_auto="1" />
				<Option object_output="obj/Debug/" />
				<Option type="1" />
				<Option compiler="gcc-msys2-mingw64" />
				<Compiler>
					<Add option="-Og" />
					<Add option="-g" />
				</Compiler>
			</Target>
			<Target title="Release">
				<Option output="bin/Release/geodesic_raytracing" prefix_auto="1" extension_auto="1" />
				<Option object_output="obj/Release/" />
				<Option type="1" />
				<Option compiler="gcc-msys2-mingw64" />
				<Compiler>
					<Add option="-O2" />
				</Compiler>
				<Linker>
					<Add option="-O2" />
					<Add option="-s" />
				</Linker>
			</Target>
			<Target title="GPUProfile">
				<Option output="bin/GPUProfile/geodesic_raytracing" prefix_auto="1" extension_auto="1" />
				<Option object_output="obj/GPUProfile/" />
				<Option type="1" />
				<Option compiler="gcc-msys2-mingw64" />
				<Compiler>
					<Add option="-O2" />
					<Add option="-DGPU_PROFILE" />
				</Compiler>
				<Linker>
					<Add option="-s" />
				</Linker>
			</Target>
			<Target title="TestBench">
				<Option output="bin/TestBench/geodesic_raytracing" prefix_auto="1" extension_auto="1" />
				<Option object_output="obj/TestBench/" />
				<Option type="1" />
				<Option compiler="gcc-msys2-mingw64" />
				<Option parameters="-bench kerr_ingoing_ef" />
				<Compiler>
					<Add option="-O2" />
				</Compiler>
				<Linker>
					<Add option="-s" />
				</Linker>
			</Target>
		</Build>
		<Compiler>
			<Add option="-Wall" />
			<Add option="-std=c++23" />
			<Add option="-fexceptions" />
			<Add option="`pkg-config --cflags freetype2`" />
			<Add option="-DIMGUI_IMPL_OPENGL_LOADER_GLEW" />
			<Add option="-DSUBPIXEL_FONT_RENDERING" />
			<Add option="-DSFML_STATIC" />
			<Add option="-DGLEW_STATIC" />
			<Add option="-DGRAPHITE2_STATIC" />
			<Add option="-DCL_TARGET_OPENCL_VERSION=220" />
			<Add option="-DIMGUI_ENABLE_FREETYPE" />
			<Add option='-DCONFIG_VERSION=&quot;&quot;' />
			<Add option="-DCONFIG_BIGNUM" />
			<Add option="-DNO_SERIALISE_RATELIMIT" />
			<Add option="-DFAST_CL" />
			<Add directory="deps" />
			<Add directory="deps/imgui" />
			<Add directory="deps/steamworks_sdk_153a/sdk/public" />
		</Compiler>
		<Linker>
			<Add option="-static-libstdc++" />
			<Add option="-static-libgcc" />
			<Add option="-static" />
			<Add option="-lmingw32" />
			<Add option="-l:libssl.a" />
			<Add option="-l:libglfw3.a" />
			<Add option="-l:libglew32.a" />
			<Add option="-lsfml-graphics-s" />
			<Add option="-lsfml-window-s" />
			<Add option="-lsfml-system-s" />
			<Add option="-Wl,--start-group" />
			<Add option="-l:libharfbuzz.a" />
			<Add option="-l:libfreetype.a" />
			<Add option="-Wl,--end-group" />
			<Add option="-l:libgraphite2.a" />
			<Add option="-lopengl32" />
			<Add option="-l:libpng.a" />
			<Add option="-l:libz.a" />
			<Add option="-l:libbz2.a" />
			<Add option="-lole32" />
			<Add option="-ldbgeng" />
			<Add option="-lwinmm" />
			<Add option="-lgdi32" />
			<Add option="-lUsp10" />
			<Add option="-l:libbrotlidec.a" />
			<Add option="-l:libbrotlienc.a" />
			<Add option="-l:libbrotlicommon.a" />
			<Add option="-lbacktrace" />
			<Add option="-limm32" />
			<Add option="-ldwrite" />
			<Add option="-lRpcrt4" />
			<Add option="-l:libboost_filesystem-mt.a" />
			<Add library="deps/steamworks_sdk_153a/sdk/redistributable_bin/win64/libsteam_api64.a" />
			<Add directory="deps/steamworks_sdk_153a/sdk/public/steam/lib/win64" />
		</Linker>
		<Unit filename="async_rendering.hpp" />
		<Unit filename="camera.hpp" />
		<Unit filename="chromaticity.hpp" />
		<Unit filename="cl.cl">
			<Option target="&lt;{~None~}&gt;" />
		</Unit>
		<Unit filename="content_manager.cpp" />
		<Unit filename="content_manager.hpp" />
		<Unit filename="deps/imgui/backends/imgui_impl_glfw.cpp" />
		<Unit filename="deps/imgui/backends/imgui_impl_opengl3.cpp" />
		<Unit filename="deps/imgui/imgui.cpp" />
		<Unit filename="deps/imgui/imgui_draw.cpp" />
		<Unit filename="deps/imgui/imgui_tables.cpp" />
		<Unit filename="deps/imgui/imgui_widgets.cpp" />
		<Unit filename="deps/imgui/misc/freetype/imgui_freetype.cpp" />
		<Unit filename="deps/libfastcl/fastcl/cl.cpp" />
		<Unit filename="deps/libfastcl/fastcl/cl.h" />
		<Unit filename="deps/quickjs/cutils.c">
			<Option compilerVar="CC" />
		</Unit>
		<Unit filename="deps/quickjs/libbf.c">
			<Option compilerVar="CC" />
		</Unit>
		<Unit filename="deps/quickjs/libregexp.c">
			<Option compilerVar="CC" />
		</Unit>
		<Unit filename="deps/quickjs/libunicode.c">
			<Option compilerVar="CC" />
		</Unit>
		<Unit filename="deps/quickjs/quickjs.c">
			<Option compilerVar="CC" />
		</Unit>
		<Unit filename="deps/quickjs_cpp/quickjs_cpp.cpp" />
		<Unit filename="deps/quickjs_cpp/quickjs_cpp.hpp" />
		<Unit filename="deps/tinyobjloader/tiny_obj_loader.cc" />
		<Unit filename="deps/tinyobjloader/tiny_obj_loader.h" />
		<Unit filename="deps/toolkit/base_serialisables.cpp" />
		<Unit filename="deps/toolkit/base_serialisables.hpp" />
		<Unit filename="deps/toolkit/clipboard.cpp" />
		<Unit filename="deps/toolkit/clipboard.hpp" />
		<Unit filename="deps/toolkit/clock.cpp" />
		<Unit filename="deps/toolkit/clock.hpp" />
		<Unit filename="deps/toolkit/fs_helpers.cpp" />
		<Unit filename="deps/toolkit/fs_helpers.hpp" />
		<Unit filename="deps/toolkit/opencl.cpp" />
		<Unit filename="deps/toolkit/opencl.hpp" />
		<Unit filename="deps/toolkit/render_window.cpp" />
		<Unit filename="deps/toolkit/render_window.hpp" />
		<Unit filename="deps/toolkit/render_window_glfw.cpp" />
		<Unit filename="deps/toolkit/stacktrace.hpp" />
		<Unit filename="deps/toolkit/texture.cpp" />
		<Unit filename="deps/toolkit/texture.hpp" />
		<Unit filename="deps/toolkit/vertex.hpp" />
		<Unit filename="deps/vec/dual.hpp" />
		<Unit filename="deps/vec/value.hpp" />
		<Unit filename="deps/vec/vec.hpp" />
		<Unit filename="dynamic_feature_config.cpp" />
		<Unit filename="dynamic_feature_config.hpp" />
		<Unit filename="equation_context.hpp" />
		<Unit filename="fullscreen_window_manager.cpp" />
		<Unit filename="fullscreen_window_manager.hpp" />
		<Unit filename="graphics_settings.cpp" />
		<Unit filename="graphics_settings.hpp" />
		<Unit filename="input_manager.cpp" />
		<Unit filename="input_manager.hpp" />
		<Unit filename="js_interop.cpp" />
		<Unit filename="js_interop.hpp" />
		<Unit filename="main.cpp" />
		<Unit filename="metric.hpp" />
		<Unit filename="metric_manager.hpp" />
		<Unit filename="number.js">
			<Option target="&lt;{~None~}&gt;" />
		</Unit>
		<Unit filename="physics.hpp" />
		<Unit filename="print.hpp" />
		<Unit filename="raw_input.cpp" />
		<Unit filename="raw_input.hpp" />
		<Unit filename="render_state.hpp" />
		<Unit filename="scripts/alcubierre.js">
			<Option target="&lt;{~None~}&gt;" />
		</Unit>
		<Unit filename="scripts/alcubierre.json">
			<Option target="&lt;{~None~}&gt;" />
		</Unit>
		<Unit filename="scripts/cartesian_base.json" />
		<Unit filename="scripts/configurable_wormhole.js" />
		<Unit filename="scripts/configurable_wormhole.json" />
		<Unit filename="scripts/coordinates/cartesian_to_polar.js" />
		<Unit filename="scripts/coordinates/polar_to_cartesian.js">
			<Option target="&lt;{~None~}&gt;" />
		</Unit>
		<Unit filename="scripts/coordinates/polar_to_polar.js" />
		<Unit filename="scripts/coordinates/polar_to_rational.js" />
		<Unit filename="scripts/coordinates/rational_to_polar.js" />
		<Unit filename="scripts/cosmic_string.js" />
		<Unit filename="scripts/cosmic_string.json" />
		<Unit filename="scripts/de_sitter.js">
			<Option target="&lt;{~None~}&gt;" />
		</Unit>
		<Unit filename="scripts/de_sitter.json" />
		<Unit filename="scripts/ellis_drainhole.js">
			<Option target="&lt;{~None~}&gt;" />
		</Unit>
		<Unit filename="scripts/ellis_drainhole.json">
			<Option target="&lt;{~None~}&gt;" />
		</Unit>
		<Unit filename="scripts/ernst.js" />
		<Unit filename="scripts/ernst.json" />
		<Unit filename="scripts/janis_newman_winicour.js" />
		<Unit filename="scripts/janis_newman_winicour.json" />
		<Unit filename="scripts/kerr_boyer.js">
			<Option target="&lt;{~None~}&gt;" />
		</Unit>
		<Unit filename="scripts/kerr_boyer.json">
			<Option target="&lt;{~None~}&gt;" />
		</Unit>
		<Unit filename="scripts/kerr_newman_boyer.js">
			<Option target="&lt;{~None~}&gt;" />
		</Unit>
		<Unit filename="scripts/kerr_newman_boyer.json">
			<Option target="&lt;{~None~}&gt;" />
		</Unit>
		<Unit filename="scripts/kerr_rational_polynomial.js">
			<Option target="&lt;{~None~}&gt;" />
		</Unit>
		<Unit filename="scripts/kerr_rational_polynomial.json">
			<Option target="&lt;{~None~}&gt;" />
		</Unit>
		<Unit filename="scripts/kerr_schild.js">
			<Option target="&lt;{~None~}&gt;" />
		</Unit>
		<Unit filename="scripts/kerr_schild.json">
			<Option target="&lt;{~None~}&gt;" />
		</Unit>
		<Unit filename="scripts/minkowski.js">
			<Option target="&lt;{~None~}&gt;" />
		</Unit>
		<Unit filename="scripts/minkowski.json">
			<Option target="&lt;{~None~}&gt;" />
		</Unit>
		<Unit filename="scripts/origins/alcubierre_origin.js">
			<Option target="&lt;{~None~}&gt;" />
		</Unit>
		<Unit filename="scripts/polar_base.json" />
		<Unit filename="scripts/schwarzschild.js" />
		<Unit filename="scripts/schwarzschild.json" />
		<Unit filename="scripts/schwarzschild_accurate.js" />
		<Unit filename="scripts/schwarzschild_accurate.json" />
		<Unit filename="scripts/wormhole.js" />
		<Unit filename="scripts/wormhole.json" />
		<Unit filename="triangle.hpp" />
		<Unit filename="triangle_manager.cpp" />
		<Unit filename="triangle_manager.hpp" />
		<Unit filename="workshop/steam_ugc_manager.cpp" />
		<Unit filename="workshop/steam_ugc_manager.hpp" />
		<Extensions>
			<lib_finder disable_auto="1" />
			<wxsmith version="1">
				<gui name="wxWidgets" src="" main="" init_handlers="necessary" language="CPP" />
			</wxsmith>
		</Extensions>
	</Project>
</CodeBlocks_project_file>
